
Microsoft Visual Studio Solution File, Format Version 12.00
# Visual Studio 2013
VisualStudioVersion = 12.0.30110.0
MinimumVisualStudioVersion = 10.0.40219.1
Project("{2150E333-8FDC-42A3-9474-1A3956D46DE8}") = "Solution Items", "Solution Items", "{3242E8A3-0FB6-4866-81E2-F840039F20BC}"
EndProject
Project("{FAE04EC0-301F-11D3-BF4B-00C04F79EFBC}") = "OrcaMDF.Core", "Packages\OrcaMDF.Core\OrcaMDF.Core.csproj", "{829A5C51-CB21-4DE2-9021-44F6D804D231}"
EndProject
Project("{FAE04EC0-301F-11D3-BF4B-00C04F79EFBC}") = "OrcaMDF.Framework", "Packages\OrcaMDF.Framework\OrcaMDF.Framework.csproj", "{4D581CDB-A39C-4C0C-AE2C-6A3070B8983C}"
EndProject
Project("{FAE04EC0-301F-11D3-BF4B-00C04F79EFBC}") = "Excavator", "Excavator\Excavator.csproj", "{6C4100B7-6B6B-40D7-A150-DEBA50512C95}"
EndProject
Project("{FAE04EC0-301F-11D3-BF4B-00C04F79EFBC}") = "Excavator.F1", "Excavator.F1\Excavator.F1.csproj", "{AE3F37AD-CF41-4669-A7F5-62DB7D224C9E}"
EndProject
Project("{FAE04EC0-301F-11D3-BF4B-00C04F79EFBC}") = "Quartz", "Packages\Quartz\Quartz.csproj", "{AEF8823B-E45B-4B35-A4D0-C08C1196D017}"
EndProject
Project("{FAE04EC0-301F-11D3-BF4B-00C04F79EFBC}") = "Rock", "Packages\Rock\Rock.csproj", "{8F8C2A79-24F4-4157-8B99-45F75FA85799}"
EndProject
Global
	GlobalSection(SolutionConfigurationPlatforms) = preSolution
		Debug|Any CPU = Debug|Any CPU
		Release|Any CPU = Release|Any CPU
	EndGlobalSection
	GlobalSection(ProjectConfigurationPlatforms) = postSolution
		{829A5C51-CB21-4DE2-9021-44F6D804D231}.Debug|Any CPU.ActiveCfg = Debug|Any CPU
		{829A5C51-CB21-4DE2-9021-44F6D804D231}.Debug|Any CPU.Build.0 = Debug|Any CPU
		{829A5C51-CB21-4DE2-9021-44F6D804D231}.Release|Any CPU.ActiveCfg = Release|Any CPU
		{829A5C51-CB21-4DE2-9021-44F6D804D231}.Release|Any CPU.Build.0 = Release|Any CPU
		{4D581CDB-A39C-4C0C-AE2C-6A3070B8983C}.Debug|Any CPU.ActiveCfg = Debug|Any CPU
		{4D581CDB-A39C-4C0C-AE2C-6A3070B8983C}.Debug|Any CPU.Build.0 = Debug|Any CPU
		{4D581CDB-A39C-4C0C-AE2C-6A3070B8983C}.Release|Any CPU.ActiveCfg = Release|Any CPU
		{4D581CDB-A39C-4C0C-AE2C-6A3070B8983C}.Release|Any CPU.Build.0 = Release|Any CPU
		{6C4100B7-6B6B-40D7-A150-DEBA50512C95}.Debug|Any CPU.ActiveCfg = Debug|Any CPU
		{6C4100B7-6B6B-40D7-A150-DEBA50512C95}.Debug|Any CPU.Build.0 = Debug|Any CPU
		{6C4100B7-6B6B-40D7-A150-DEBA50512C95}.Release|Any CPU.ActiveCfg = Release|Any CPU
		{6C4100B7-6B6B-40D7-A150-DEBA50512C95}.Release|Any CPU.Build.0 = Release|Any CPU
		{AE3F37AD-CF41-4669-A7F5-62DB7D224C9E}.Debug|Any CPU.ActiveCfg = Debug|Any CPU
		{AE3F37AD-CF41-4669-A7F5-62DB7D224C9E}.Debug|Any CPU.Build.0 = Debug|Any CPU
		{AE3F37AD-CF41-4669-A7F5-62DB7D224C9E}.Release|Any CPU.ActiveCfg = Release|Any CPU
		{AE3F37AD-CF41-4669-A7F5-62DB7D224C9E}.Release|Any CPU.Build.0 = Release|Any CPU
		{AEF8823B-E45B-4B35-A4D0-C08C1196D017}.Debug|Any CPU.ActiveCfg = Debug|Any CPU
		{AEF8823B-E45B-4B35-A4D0-C08C1196D017}.Debug|Any CPU.Build.0 = Debug|Any CPU
		{AEF8823B-E45B-4B35-A4D0-C08C1196D017}.Release|Any CPU.ActiveCfg = Release|Any CPU
		{AEF8823B-E45B-4B35-A4D0-C08C1196D017}.Release|Any CPU.Build.0 = Release|Any CPU
		{8F8C2A79-24F4-4157-8B99-45F75FA85799}.Debug|Any CPU.ActiveCfg = Debug|Any CPU
		{8F8C2A79-24F4-4157-8B99-45F75FA85799}.Debug|Any CPU.Build.0 = Debug|Any CPU
		{8F8C2A79-24F4-4157-8B99-45F75FA85799}.Release|Any CPU.ActiveCfg = Release|Any CPU
		{8F8C2A79-24F4-4157-8B99-45F75FA85799}.Release|Any CPU.Build.0 = Release|Any CPU
	EndGlobalSection
	GlobalSection(SolutionProperties) = preSolution
		HideSolutionNode = FALSE
	EndGlobalSection
EndGlobal
